
Microsoft Visual Studio Solution File, Format Version 12.00
# Visual Studio Version 16
VisualStudioVersion = 16.0.29230.47
MinimumVisualStudioVersion = 10.0.40219.1
Project("{8BC9CEB8-8B4A-11D0-8D11-00A0C91BC942}") = "KeyCounter", "KeyCounter\KeyCounter.vcxproj", "{110E3B8B-B9D2-4749-8305-9BB4C58FF323}"
EndProject
Global
	GlobalSection(SolutionConfigurationPlatforms) = preSolution
		Debug|x64 = Debug|x64
		Debug|x86 = Debug|x86
		Release|x64 = Release|x64
		Release|x86 = Release|x86
	EndGlobalSection
	GlobalSection(ProjectConfigurationPlatforms) = postSolution
		{110E3B8B-B9D2-4749-8305-9BB4C58FF323}.Debug|x64.ActiveCfg = Debug|x64
		{110E3B8B-B9D2-4749-8305-9BB4C58FF323}.Debug|x64.Build.0 = Debug|x64
		{110E3B8B-B9D2-4749-8305-9BB4C58FF323}.Debug|x86.ActiveCfg = Debug|Win32
		{110E3B8B-B9D2-4749-8305-9BB4C58FF323}.Debug|x86.Build.0 = Debug|Win32
		{110E3B8B-B9D2-4749-8305-9BB4C58FF323}.Release|x64.ActiveCfg = Release|x64
		{110E3B8B-B9D2-4749-8305-9BB4C58FF323}.Release|x64.Build.0 = Release|x64
		{110E3B8B-B9D2-4749-8305-9BB4C58FF323}.Release|x86.ActiveCfg = Release|Win32
		{110E3B8B-B9D2-4749-8305-9BB4C58FF323}.Release|x86.Build.0 = Release|Win32
	EndGlobalSection
	GlobalSection(SolutionProperties) = preSolution
		HideSolutionNode = FALSE
	EndGlobalSection
	GlobalSection(ExtensibilityGlobals) = postSolution
		SolutionGuid = {E00B111D-C6E0-465D-8A0B-99D63095A55D}
	EndGlobalSection
EndGlobal
